
Microsoft Visual Studio Solution File, Format Version 12.00
# Visual Studio Version 16
VisualStudioVersion = 16.0.32901.82
MinimumVisualStudioVersion = 10.0.40219.1
Project("{FAE04EC0-301F-11D3-BF4B-00C04F79EFBC}") = "oop1", "oop1\oop1.csproj", "{DC092ABF-2160-44FB-BF8D-C769C11DF68A}"
EndProject
Global
	GlobalSection(SolutionConfigurationPlatforms) = preSolution
		Debug|Any CPU = Debug|Any CPU
		Release|Any CPU = Release|Any CPU
	EndGlobalSection
	GlobalSection(ProjectConfigurationPlatforms) = postSolution
		{DC092ABF-2160-44FB-BF8D-C769C11DF68A}.Debug|Any CPU.ActiveCfg = Debug|Any CPU
		{DC092ABF-2160-44FB-BF8D-C769C11DF68A}.Debug|Any CPU.Build.0 = Debug|Any CPU
		{DC092ABF-2160-44FB-BF8D-C769C11DF68A}.Release|Any CPU.ActiveCfg = Release|Any CPU
		{DC092ABF-2160-44FB-BF8D-C769C11DF68A}.Release|Any CPU.Build.0 = Release|Any CPU
	EndGlobalSection
	GlobalSection(SolutionProperties) = preSolution
		HideSolutionNode = FALSE
	EndGlobalSection
	GlobalSection(ExtensibilityGlobals) = postSolution
		SolutionGuid = {C7659FCB-895C-40ED-BF64-A494153B0865}
	EndGlobalSection
EndGlobal
