
Microsoft Visual Studio Solution File, Format Version 12.00
# Visual Studio Version 17
VisualStudioVersion = 17.4.33213.308
MinimumVisualStudioVersion = 10.0.40219.1
Project("{FAE04EC0-301F-11D3-BF4B-00C04F79EFBC}") = "testik4-5", "testik4-5\testik4-5.csproj", "{05056336-5439-47E7-985F-919C4BAE6B66}"
EndProject
Global
	GlobalSection(SolutionConfigurationPlatforms) = preSolution
		Debug|Any CPU = Debug|Any CPU
		Release|Any CPU = Release|Any CPU
	EndGlobalSection
	GlobalSection(ProjectConfigurationPlatforms) = postSolution
		{05056336-5439-47E7-985F-919C4BAE6B66}.Debug|Any CPU.ActiveCfg = Debug|Any CPU
		{05056336-5439-47E7-985F-919C4BAE6B66}.Debug|Any CPU.Build.0 = Debug|Any CPU
		{05056336-5439-47E7-985F-919C4BAE6B66}.Release|Any CPU.ActiveCfg = Release|Any CPU
		{05056336-5439-47E7-985F-919C4BAE6B66}.Release|Any CPU.Build.0 = Release|Any CPU
	EndGlobalSection
	GlobalSection(SolutionProperties) = preSolution
		HideSolutionNode = FALSE
	EndGlobalSection
	GlobalSection(ExtensibilityGlobals) = postSolution
		SolutionGuid = {92441F34-8D5D-451B-A730-A32EF90CD699}
	EndGlobalSection
EndGlobal
